
Microsoft Visual Studio Solution File, Format Version 12.00
# Visual Studio 15
VisualStudioVersion = 15.0.27428.2011
MinimumVisualStudioVersion = 10.0.40219.1
Project("{9A19103F-16F7-4668-BE54-9A1E7A4F7556}") = "ContextSpike", "ContextSpike\ContextSpike.csproj", "{E7EB2F95-4EAA-4204-8381-075863791234}"
EndProject
Project("{9A19103F-16F7-4668-BE54-9A1E7A4F7556}") = "ContextSpike.Tests", "ContextSpike.Tests\ContextSpike.Tests.csproj", "{EE908F72-AA7C-480D-9A04-6756C0F738E6}"
EndProject
Global
	GlobalSection(SolutionConfigurationPlatforms) = preSolution
		Debug|Any CPU = Debug|Any CPU
		Release|Any CPU = Release|Any CPU
	EndGlobalSection
	GlobalSection(ProjectConfigurationPlatforms) = postSolution
		{E7EB2F95-4EAA-4204-8381-075863791234}.Debug|Any CPU.ActiveCfg = Debug|Any CPU
		{E7EB2F95-4EAA-4204-8381-075863791234}.Debug|Any CPU.Build.0 = Debug|Any CPU
		{E7EB2F95-4EAA-4204-8381-075863791234}.Release|Any CPU.ActiveCfg = Release|Any CPU
		{E7EB2F95-4EAA-4204-8381-075863791234}.Release|Any CPU.Build.0 = Release|Any CPU
		{EE908F72-AA7C-480D-9A04-6756C0F738E6}.Debug|Any CPU.ActiveCfg = Debug|Any CPU
		{EE908F72-AA7C-480D-9A04-6756C0F738E6}.Debug|Any CPU.Build.0 = Debug|Any CPU
		{EE908F72-AA7C-480D-9A04-6756C0F738E6}.Release|Any CPU.ActiveCfg = Release|Any CPU
		{EE908F72-AA7C-480D-9A04-6756C0F738E6}.Release|Any CPU.Build.0 = Release|Any CPU
	EndGlobalSection
	GlobalSection(SolutionProperties) = preSolution
		HideSolutionNode = FALSE
	EndGlobalSection
	GlobalSection(ExtensibilityGlobals) = postSolution
		SolutionGuid = {B78D2070-8737-49E8-8230-FCCF68242974}
	EndGlobalSection
EndGlobal
